
Microsoft Visual Studio Solution File, Format Version 12.00
# Visual Studio Version 17
VisualStudioVersion = 17.4.33205.214
MinimumVisualStudioVersion = 10.0.40219.1
Project("{9A19103F-16F7-4668-BE54-9A1E7A4F7556}") = "文字转图片", "文字转图片\文字转图片.csproj", "{C1D5B056-F492-47F8-862B-72EE91BB3EF0}"
EndProject
Global
	GlobalSection(SolutionConfigurationPlatforms) = preSolution
		Debug|Any CPU = Debug|Any CPU
		Release|Any CPU = Release|Any CPU
	EndGlobalSection
	GlobalSection(ProjectConfigurationPlatforms) = postSolution
		{C1D5B056-F492-47F8-862B-72EE91BB3EF0}.Debug|Any CPU.ActiveCfg = Debug|Any CPU
		{C1D5B056-F492-47F8-862B-72EE91BB3EF0}.Debug|Any CPU.Build.0 = Debug|Any CPU
		{C1D5B056-F492-47F8-862B-72EE91BB3EF0}.Release|Any CPU.ActiveCfg = Release|Any CPU
		{C1D5B056-F492-47F8-862B-72EE91BB3EF0}.Release|Any CPU.Build.0 = Release|Any CPU
	EndGlobalSection
	GlobalSection(SolutionProperties) = preSolution
		HideSolutionNode = FALSE
	EndGlobalSection
	GlobalSection(ExtensibilityGlobals) = postSolution
		SolutionGuid = {3721F0DC-2EA3-4D7B-BAE0-22FCB45CF859}
	EndGlobalSection
EndGlobal
